
Microsoft Visual Studio Solution File, Format Version 12.00
# Visual Studio Version 16
VisualStudioVersion = 16.0.31729.503
MinimumVisualStudioVersion = 10.0.40219.1
Project("{FAE04EC0-301F-11D3-BF4B-00C04F79EFBC}") = "DiplomaWebApp", "DiplomaWebApp\DiplomaWebApp.csproj", "{265578E0-FB18-467E-ACC2-5137F5312CB8}"
EndProject
Global
	GlobalSection(SolutionConfigurationPlatforms) = preSolution
		Debug|Any CPU = Debug|Any CPU
		Release|Any CPU = Release|Any CPU
	EndGlobalSection
	GlobalSection(ProjectConfigurationPlatforms) = postSolution
		{265578E0-FB18-467E-ACC2-5137F5312CB8}.Debug|Any CPU.ActiveCfg = Debug|Any CPU
		{265578E0-FB18-467E-ACC2-5137F5312CB8}.Debug|Any CPU.Build.0 = Debug|Any CPU
		{265578E0-FB18-467E-ACC2-5137F5312CB8}.Release|Any CPU.ActiveCfg = Release|Any CPU
		{265578E0-FB18-467E-ACC2-5137F5312CB8}.Release|Any CPU.Build.0 = Release|Any CPU
	EndGlobalSection
	GlobalSection(SolutionProperties) = preSolution
		HideSolutionNode = FALSE
	EndGlobalSection
	GlobalSection(ExtensibilityGlobals) = postSolution
		SolutionGuid = {40AFDAC2-7E7E-46B4-98F4-828FAC5350D9}
	EndGlobalSection
EndGlobal
